{
  "version": 4,
  "terraform_version": "1.14.0",
  "serial": 25,
  "lineage": "c224a208-24b5-f742-4fce-41e6fc7dc8db",
  "outputs": {
    "Web_PublicIP": {
      "value": "3.141.46.153",
      "type": "string"
    }
  },
  "resources": [
    {
      "module": "module.webmodule",
      "mode": "managed",
      "type": "aws_instance",
      "name": "webserver",
      "provider": "provider[\"registry.terraform.io/hashicorp/aws\"]",
      "instances": [
        {
          "schema_version": 2,
          "attributes": {
            "ami": "ami-0049e4b5ba14b6d36",
            "arn": "arn:aws:ec2:us-east-2:936453552758:instance/i-075c3a783e6428291",
            "associate_public_ip_address": true,
            "availability_zone": "us-east-2a",
            "capacity_reservation_specification": [
              {
                "capacity_reservation_preference": "open",
                "capacity_reservation_target": []
              }
            ],
            "cpu_options": [
              {
                "amd_sev_snp": "",
                "core_count": 1,
                "threads_per_core": 1
              }
            ],
            "credit_specification": [
              {
                "cpu_credits": "standard"
              }
            ],
            "disable_api_stop": false,
            "disable_api_termination": false,
            "ebs_block_device": [],
            "ebs_optimized": false,
            "enable_primary_ipv6": null,
            "enclave_options": [
              {
                "enabled": false
              }
            ],
            "ephemeral_block_device": [],
            "force_destroy": false,
            "get_password_data": false,
            "hibernation": false,
            "host_id": "",
            "host_resource_group_arn": null,
            "iam_instance_profile": "",
            "id": "i-075c3a783e6428291",
            "instance_initiated_shutdown_behavior": "stop",
            "instance_lifecycle": "",
            "instance_market_options": [],
            "instance_state": "running",
            "instance_type": "t2.micro",
            "ipv6_address_count": 0,
            "ipv6_addresses": [],
            "key_name": "",
            "launch_template": [],
            "maintenance_options": [
              {
                "auto_recovery": "default"
              }
            ],
            "metadata_options": [
              {
                "http_endpoint": "enabled",
                "http_protocol_ipv6": "disabled",
                "http_put_response_hop_limit": 2,
                "http_tokens": "required",
                "instance_metadata_tags": "disabled"
              }
            ],
            "monitoring": false,
            "network_interface": [],
            "outpost_arn": "",
            "password_data": "",
            "placement_group": "",
            "placement_group_id": "",
            "placement_partition_number": 0,
            "primary_network_interface": [
              {
                "delete_on_termination": true,
                "network_interface_id": "eni-0b35f4878955a1756"
              }
            ],
            "primary_network_interface_id": "eni-0b35f4878955a1756",
            "private_dns": "ip-172-31-13-126.us-east-2.compute.internal",
            "private_dns_name_options": [
              {
                "enable_resource_name_dns_a_record": false,
                "enable_resource_name_dns_aaaa_record": false,
                "hostname_type": "ip-name"
              }
            ],
            "private_ip": "172.31.13.126",
            "public_dns": "ec2-3-141-46-153.us-east-2.compute.amazonaws.com",
            "public_ip": "3.141.46.153",
            "region": "us-east-2",
            "root_block_device": [
              {
                "delete_on_termination": true,
                "device_name": "/dev/xvda",
                "encrypted": false,
                "iops": 3000,
                "kms_key_id": "",
                "tags": {},
                "tags_all": {},
                "throughput": 125,
                "volume_id": "vol-0c4630f0bc1796abb",
                "volume_size": 8,
                "volume_type": "gp3"
              }
            ],
            "secondary_private_ips": [],
            "security_groups": [
              "allow_http"
            ],
            "source_dest_check": true,
            "spot_instance_request_id": "",
            "subnet_id": "subnet-076667779be583f63",
            "tags": {
              "Name": "WebServer"
            },
            "tags_all": {
              "Name": "WebServer"
            },
            "tenancy": "default",
            "timeouts": null,
            "user_data": "#!/bin/bash\nset -euo pipefail\n\nsudo yum -y update\n\nsudo yum install -y yum-utils\n\nsudo rpm --import https://pkg.osquery.io/rpm/GPG\nsudo yum-config-manager --add-repo https://pkg.osquery.io/rpm/osquery-s3-rpm.repo\nsudo yum install -y osquery\nsudo systemctl enable osqueryd\nsudo systemctl start osqueryd\nsudo systemctl is-active --quiet osqueryd\n\nsudo yum install -y nginx\nsudo systemctl enable nginx\nsudo systemctl start nginx\nsudo systemctl is-active --quiet nginx\n\nif command -v firewall-cmd \u003e/dev/null 2\u003e\u00261 \u0026\u0026 sudo firewall-cmd --state \u003e/dev/null 2\u003e\u00261; then\n  sudo firewall-cmd --permanent --add-service=http\n  sudo firewall-cmd --reload\nfi\n\nsudo tee /usr/share/nginx/html/index.html \u003e/dev/null \u003c\u003c'EOF'\n\u003c!doctype html\u003e\n\u003chtml lang=\"en\"\u003e\n\u003chead\u003e\n  \u003cmeta charset=\"UTF-8\" /\u003e\n  \u003cmeta name=\"viewport\" content=\"width=device-width, initial-scale=1.0\" /\u003e\n  \u003ctitle\u003eBluePrint test\u003c/title\u003e\n  \u003cstyle\u003e\n    body {\n      font-family: Arial, sans-serif;\n      background: #0f172a;\n      color: #e2e8f0;\n      display: flex;\n      align-items: center;\n      justify-content: center;\n      min-height: 100vh;\n      margin: 0;\n    }\n    .card {\n      background: #1e293b;\n      border: 1px solid #334155;\n      border-radius: 12px;\n      padding: 32px 40px;\n      box-shadow: 0 20px 60px rgba(0, 0, 0, 0.35);\n      max-width: 640px;\n      width: 100%;\n      text-align: center;\n    }\n    h1 {\n      margin: 0 0 12px;\n      font-size: 28px;\n      letter-spacing: -0.5px;\n    }\n    p {\n      margin: 0 0 18px;\n      line-height: 1.6;\n      color: #cbd5e1;\n    }\n    code {\n      background: #0b1220;\n      padding: 4px 8px;\n      border-radius: 6px;\n      font-size: 0.95em;\n      color: #7dd3fc;\n    }\n    .badge {\n      display: inline-block;\n      padding: 6px 12px;\n      border-radius: 999px;\n      background: #22c55e33;\n      color: #22c55e;\n      font-weight: 700;\n      letter-spacing: 0.5px;\n      font-size: 12px;\n      text-transform: uppercase;\n      margin-bottom: 14px;\n    }\n  \u003c/style\u003e\n\u003c/head\u003e\n\u003cbody\u003e\n  \u003cmain class=\"card\"\u003e\n    \u003cdiv class=\"badge\"\u003eNginx is live\u003c/div\u003e\n    \u003ch1\u003eTest of Blueprint application\u003c/h1\u003e\n    \u003cp\u003eYour server is up and serving content via \u003ccode\u003enginx\u003c/code\u003e. Feel free to customize this page by updating \u003ccode\u003e/usr/share/nginx/html/index.html\u003c/code\u003e.\u003c/p\u003e\n    \u003cp\u003eDeployed automatically by \u003cstrong\u003eserver-script.sh\u003c/strong\u003e.\u003c/p\u003e\n  \u003c/main\u003e\n\u003c/body\u003e\n\u003c/html\u003e\nEOF\n",
            "user_data_base64": null,
            "user_data_replace_on_change": false,
            "volume_tags": null,
            "vpc_security_group_ids": [
              "sg-0e37fc6ddf45de9a6"
            ]
          },
          "sensitive_attributes": [],
          "identity_schema_version": 0,
          "identity": {
            "account_id": "936453552758",
            "id": "i-075c3a783e6428291",
            "region": "us-east-2"
          },
          "private": "eyJlMmJmYjczMC1lY2FhLTExZTYtOGY4OC0zNDM2M2JjN2M0YzAiOnsiY3JlYXRlIjo2MDAwMDAwMDAwMDAsImRlbGV0ZSI6MTIwMDAwMDAwMDAwMCwicmVhZCI6OTAwMDAwMDAwMDAwLCJ1cGRhdGUiOjYwMDAwMDAwMDAwMH0sInNjaGVtYV92ZXJzaW9uIjoiMiJ9",
          "dependencies": [
            "module.webmodule.aws_security_group.sg"
          ]
        }
      ]
    },
    {
      "module": "module.webmodule",
      "mode": "managed",
      "type": "aws_security_group",
      "name": "sg",
      "provider": "provider[\"registry.terraform.io/hashicorp/aws\"]",
      "instances": [
        {
          "schema_version": 1,
          "attributes": {
            "arn": "arn:aws:ec2:us-east-2:936453552758:security-group/sg-0e37fc6ddf45de9a6",
            "description": "Allow HTTP inbound traffic",
            "egress": [
              {
                "cidr_blocks": [
                  "0.0.0.0/0"
                ],
                "description": "",
                "from_port": 443,
                "ipv6_cidr_blocks": [],
                "prefix_list_ids": [],
                "protocol": "tcp",
                "security_groups": [],
                "self": false,
                "to_port": 443
              },
              {
                "cidr_blocks": [
                  "0.0.0.0/0"
                ],
                "description": "",
                "from_port": 80,
                "ipv6_cidr_blocks": [],
                "prefix_list_ids": [],
                "protocol": "tcp",
                "security_groups": [],
                "self": false,
                "to_port": 80
              }
            ],
            "id": "sg-0e37fc6ddf45de9a6",
            "ingress": [
              {
                "cidr_blocks": [
                  "0.0.0.0/0"
                ],
                "description": "",
                "from_port": 443,
                "ipv6_cidr_blocks": [],
                "prefix_list_ids": [],
                "protocol": "tcp",
                "security_groups": [],
                "self": false,
                "to_port": 443
              },
              {
                "cidr_blocks": [
                  "0.0.0.0/0"
                ],
                "description": "",
                "from_port": 80,
                "ipv6_cidr_blocks": [],
                "prefix_list_ids": [],
                "protocol": "tcp",
                "security_groups": [],
                "self": false,
                "to_port": 80
              },
              {
                "cidr_blocks": [
                  "0.0.0.0/0"
                ],
                "description": "SSH access",
                "from_port": 22,
                "ipv6_cidr_blocks": [],
                "prefix_list_ids": [],
                "protocol": "tcp",
                "security_groups": [],
                "self": false,
                "to_port": 22
              }
            ],
            "name": "allow_http",
            "name_prefix": "",
            "owner_id": "936453552758",
            "region": "us-east-2",
            "revoke_rules_on_delete": false,
            "tags": null,
            "tags_all": {},
            "timeouts": null,
            "vpc_id": "vpc-04ef5bdf40c0db3b2"
          },
          "sensitive_attributes": [],
          "identity_schema_version": 0,
          "identity": {
            "account_id": "936453552758",
            "id": "sg-0e37fc6ddf45de9a6",
            "region": "us-east-2"
          },
          "private": "eyJlMmJmYjczMC1lY2FhLTExZTYtOGY4OC0zNDM2M2JjN2M0YzAiOnsiY3JlYXRlIjo2MDAwMDAwMDAwMDAsImRlbGV0ZSI6OTAwMDAwMDAwMDAwfSwic2NoZW1hX3ZlcnNpb24iOiIxIn0="
        }
      ]
    }
  ],
  "check_results": null
}
